{
  "name": "@app-sdk/services",
  "version": "1.0.0",
  "lockfileVersion": 1,
  "requires": true,
  "dependencies": {
    "react-native-event-listeners": {
      "version": "1.0.3",
      "resolved": "https://registry.npmjs.org/react-native-event-listeners/-/react-native-event-listeners-1.0.3.tgz",
      "integrity": "sha1-jiEEkbDquPcUMXoPjC0yK7IDYmg=",
      "requires": {
        "type-detect": "4.0.3"
      }
    },
    "type-detect": {
      "version": "4.0.3",
      "resolved": "https://registry.npmjs.org/type-detect/-/type-detect-4.0.3.tgz",
      "integrity": "sha1-Dj8mcLRAmbC0bChNE2p+9Jx0wuo="
    }
  }
}
